
Microsoft Visual Studio Solution File, Format Version 12.00
# Visual Studio Version 16
VisualStudioVersion = 16.0.29926.136
MinimumVisualStudioVersion = 10.0.40219.1
Project("{2150E333-8FDC-42A3-9474-1A3956D46DE8}") = "src", "src", "{C8341643-2C5A-41F4-9813-590145952AAD}"
EndProject
Project("{2150E333-8FDC-42A3-9474-1A3956D46DE8}") = "ApiGateways", "ApiGateways", "{65F9E28E-65BC-48E6-8C28-9282D5C6DFED}"
EndProject
Project("{2150E333-8FDC-42A3-9474-1A3956D46DE8}") = "Services", "Services", "{6210E7ED-4E1B-4603-9E16-261E417CAEDF}"
EndProject
Project("{2150E333-8FDC-42A3-9474-1A3956D46DE8}") = "BuildingBlocks", "BuildingBlocks", "{F630694C-CF71-4F6C-9B6A-ADC5C5B328E5}"
EndProject
Project("{2150E333-8FDC-42A3-9474-1A3956D46DE8}") = "DevSpaces_Support", "DevSpaces_Support", "{DFEFFC86-CD4B-4ABF-A393-F201F44ECEA8}"
EndProject
Project("{2150E333-8FDC-42A3-9474-1A3956D46DE8}") = "EventsBus", "EventsBus", "{908E7BFA-8AB8-40E8-BE26-7B2759BCECE9}"
EndProject
Project("{2150E333-8FDC-42A3-9474-1A3956D46DE8}") = "Webhost", "Webhost", "{2C718285-F599-49AA-9760-302E5D3ED38E}"
EndProject
Project("{9A19103F-16F7-4668-BE54-9A1E7A4F7556}") = "DevSpaces.Support", "DevSpaces.Support\DevSpaces.Support.csproj", "{453680C7-807F-4DA3-95DD-FBF521E6A006}"
EndProject
Project("{9A19103F-16F7-4668-BE54-9A1E7A4F7556}") = "EventBus", "EventBus\EventBus.csproj", "{370DFB3F-75E6-4926-A5B8-99CA948A2260}"
EndProject
Project("{9A19103F-16F7-4668-BE54-9A1E7A4F7556}") = "EventBusRabbitMQ", "EventBusRabbitMQ\EventBusRabbitMQ.csproj", "{C025B5D5-8C7F-4C94-91B8-A221C7ADA91C}"
EndProject
Project("{9A19103F-16F7-4668-BE54-9A1E7A4F7556}") = "EventBusServiceBus", "EventBusServiceBus\EventBusServiceBus.csproj", "{1CDC578B-0A40-4B14-8125-F6BC0B6772F2}"
EndProject
Project("{9A19103F-16F7-4668-BE54-9A1E7A4F7556}") = "IntegrationEventLogEF", "IntegrationEventLogEF\IntegrationEventLogEF.csproj", "{DCF63EBC-2545-4122-87DB-D077B3392EDF}"
EndProject
Project("{9A19103F-16F7-4668-BE54-9A1E7A4F7556}") = "WebHost.Customization", "WebHost.Customization\WebHost.Customization.csproj", "{8A0BB518-79C9-4E5B-AB03-54E08AD50D5F}"
EndProject
Project("{2150E333-8FDC-42A3-9474-1A3956D46DE8}") = "Basket", "Basket", "{24744908-B18D-4BF6-A0D5-781F24888052}"
EndProject
Project("{9A19103F-16F7-4668-BE54-9A1E7A4F7556}") = "Basket.API", "Basket.API\Basket.API.csproj", "{79189A8A-EBDC-421D-8E60-36BD6E7E746E}"
EndProject
Project("{9A19103F-16F7-4668-BE54-9A1E7A4F7556}") = "OcelotAPIGw", "OcelotAPIGw\OcelotAPIGw.csproj", "{4AD8E11E-4A2C-4F35-A881-45C11030E615}"
EndProject
Project("{2150E333-8FDC-42A3-9474-1A3956D46DE8}") = "ApiGatewaysBase", "ApiGatewaysBase", "{DAFF4B8C-3AF6-410C-BBD9-6BD159C154D0}"
EndProject
Project("{2150E333-8FDC-42A3-9474-1A3956D46DE8}") = "Web.Bff.Marketing", "Web.Bff.Marketing", "{CDDEEE12-AFB9-429A-85BF-06445754F292}"
	ProjectSection(SolutionItems) = preProject
		OcelotAPIGw\configuration.json = OcelotAPIGw\configuration.json
	EndProjectSection
EndProject
Project("{2150E333-8FDC-42A3-9474-1A3956D46DE8}") = "Web.Bff.Shopping", "Web.Bff.Shopping", "{C58A0AA7-221D-476A-98C5-CDA6116828FB}"
	ProjectSection(SolutionItems) = preProject
		OcelotAPIGw\configuration.json = OcelotAPIGw\configuration.json
	EndProjectSection
EndProject
Project("{2150E333-8FDC-42A3-9474-1A3956D46DE8}") = "Catalog", "Catalog", "{E0508010-EF97-4532-AF91-1091CC8B90BE}"
EndProject
Project("{9A19103F-16F7-4668-BE54-9A1E7A4F7556}") = "Catalog.API", "Catalog.API\Catalog.API.csproj", "{892E27C5-DF84-4AD6-9EBB-5399DF68BBDC}"
EndProject
Project("{2150E333-8FDC-42A3-9474-1A3956D46DE8}") = "Identity", "Identity", "{DFD7E381-3A44-43C0-B071-C1F9057BE065}"
EndProject
Project("{9A19103F-16F7-4668-BE54-9A1E7A4F7556}") = "Identity.API", "Identity.API\Identity.API.csproj", "{3AF5754D-6E9D-48B7-A1CE-FC7C5056328F}"
EndProject
Project("{2150E333-8FDC-42A3-9474-1A3956D46DE8}") = "Location", "Location", "{89F5D55D-6B17-484B-9F6C-F2B0CE4863CD}"
EndProject
Project("{9A19103F-16F7-4668-BE54-9A1E7A4F7556}") = "Location.API", "Location.API\Location.API.csproj", "{1A648BC2-F559-4E7D-AA83-1C06F71B8944}"
EndProject
Project("{2150E333-8FDC-42A3-9474-1A3956D46DE8}") = "Marketing", "Marketing", "{CE69216E-E014-41BC-83CC-F6DBE3B70802}"
EndProject
Project("{9A19103F-16F7-4668-BE54-9A1E7A4F7556}") = "Marketing.API", "Marketing.API\Marketing.API.csproj", "{5205430A-BFEF-4511-B8BB-478537BD080D}"
EndProject
Project("{2150E333-8FDC-42A3-9474-1A3956D46DE8}") = "Ordering", "Ordering", "{7C5D9AA3-2FCB-4A5B-B129-AF8E10B7D13E}"
EndProject
Project("{2150E333-8FDC-42A3-9474-1A3956D46DE8}") = "Payment", "Payment", "{5BD499F7-9029-4C48-B5F0-A982F17100A5}"
EndProject
Project("{2150E333-8FDC-42A3-9474-1A3956D46DE8}") = "Webhooks", "Webhooks", "{AAC20890-5616-4E6F-B6B2-90F6F5338B36}"
EndProject
Project("{FAE04EC0-301F-11D3-BF4B-00C04F79EFBC}") = "Ordering.API", "Ordering.API\Ordering.API.csproj", "{8F5CAAF5-AF2F-4960-94FB-6824953F96EA}"
EndProject
Global
	GlobalSection(SolutionConfigurationPlatforms) = preSolution
		Debug|Any CPU = Debug|Any CPU
		Release|Any CPU = Release|Any CPU
	EndGlobalSection
	GlobalSection(ProjectConfigurationPlatforms) = postSolution
		{453680C7-807F-4DA3-95DD-FBF521E6A006}.Debug|Any CPU.ActiveCfg = Debug|Any CPU
		{453680C7-807F-4DA3-95DD-FBF521E6A006}.Debug|Any CPU.Build.0 = Debug|Any CPU
		{453680C7-807F-4DA3-95DD-FBF521E6A006}.Release|Any CPU.ActiveCfg = Release|Any CPU
		{453680C7-807F-4DA3-95DD-FBF521E6A006}.Release|Any CPU.Build.0 = Release|Any CPU
		{370DFB3F-75E6-4926-A5B8-99CA948A2260}.Debug|Any CPU.ActiveCfg = Debug|Any CPU
		{370DFB3F-75E6-4926-A5B8-99CA948A2260}.Debug|Any CPU.Build.0 = Debug|Any CPU
		{370DFB3F-75E6-4926-A5B8-99CA948A2260}.Release|Any CPU.ActiveCfg = Release|Any CPU
		{370DFB3F-75E6-4926-A5B8-99CA948A2260}.Release|Any CPU.Build.0 = Release|Any CPU
		{C025B5D5-8C7F-4C94-91B8-A221C7ADA91C}.Debug|Any CPU.ActiveCfg = Debug|Any CPU
		{C025B5D5-8C7F-4C94-91B8-A221C7ADA91C}.Debug|Any CPU.Build.0 = Debug|Any CPU
		{C025B5D5-8C7F-4C94-91B8-A221C7ADA91C}.Release|Any CPU.ActiveCfg = Release|Any CPU
		{C025B5D5-8C7F-4C94-91B8-A221C7ADA91C}.Release|Any CPU.Build.0 = Release|Any CPU
		{1CDC578B-0A40-4B14-8125-F6BC0B6772F2}.Debug|Any CPU.ActiveCfg = Debug|Any CPU
		{1CDC578B-0A40-4B14-8125-F6BC0B6772F2}.Debug|Any CPU.Build.0 = Debug|Any CPU
		{1CDC578B-0A40-4B14-8125-F6BC0B6772F2}.Release|Any CPU.ActiveCfg = Release|Any CPU
		{1CDC578B-0A40-4B14-8125-F6BC0B6772F2}.Release|Any CPU.Build.0 = Release|Any CPU
		{DCF63EBC-2545-4122-87DB-D077B3392EDF}.Debug|Any CPU.ActiveCfg = Debug|Any CPU
		{DCF63EBC-2545-4122-87DB-D077B3392EDF}.Debug|Any CPU.Build.0 = Debug|Any CPU
		{DCF63EBC-2545-4122-87DB-D077B3392EDF}.Release|Any CPU.ActiveCfg = Release|Any CPU
		{DCF63EBC-2545-4122-87DB-D077B3392EDF}.Release|Any CPU.Build.0 = Release|Any CPU
		{8A0BB518-79C9-4E5B-AB03-54E08AD50D5F}.Debug|Any CPU.ActiveCfg = Debug|Any CPU
		{8A0BB518-79C9-4E5B-AB03-54E08AD50D5F}.Debug|Any CPU.Build.0 = Debug|Any CPU
		{8A0BB518-79C9-4E5B-AB03-54E08AD50D5F}.Release|Any CPU.ActiveCfg = Release|Any CPU
		{8A0BB518-79C9-4E5B-AB03-54E08AD50D5F}.Release|Any CPU.Build.0 = Release|Any CPU
		{79189A8A-EBDC-421D-8E60-36BD6E7E746E}.Debug|Any CPU.ActiveCfg = Debug|Any CPU
		{79189A8A-EBDC-421D-8E60-36BD6E7E746E}.Debug|Any CPU.Build.0 = Debug|Any CPU
		{79189A8A-EBDC-421D-8E60-36BD6E7E746E}.Release|Any CPU.ActiveCfg = Release|Any CPU
		{79189A8A-EBDC-421D-8E60-36BD6E7E746E}.Release|Any CPU.Build.0 = Release|Any CPU
		{4AD8E11E-4A2C-4F35-A881-45C11030E615}.Debug|Any CPU.ActiveCfg = Debug|Any CPU
		{4AD8E11E-4A2C-4F35-A881-45C11030E615}.Debug|Any CPU.Build.0 = Debug|Any CPU
		{4AD8E11E-4A2C-4F35-A881-45C11030E615}.Release|Any CPU.ActiveCfg = Release|Any CPU
		{4AD8E11E-4A2C-4F35-A881-45C11030E615}.Release|Any CPU.Build.0 = Release|Any CPU
		{892E27C5-DF84-4AD6-9EBB-5399DF68BBDC}.Debug|Any CPU.ActiveCfg = Debug|Any CPU
		{892E27C5-DF84-4AD6-9EBB-5399DF68BBDC}.Debug|Any CPU.Build.0 = Debug|Any CPU
		{892E27C5-DF84-4AD6-9EBB-5399DF68BBDC}.Release|Any CPU.ActiveCfg = Release|Any CPU
		{892E27C5-DF84-4AD6-9EBB-5399DF68BBDC}.Release|Any CPU.Build.0 = Release|Any CPU
		{3AF5754D-6E9D-48B7-A1CE-FC7C5056328F}.Debug|Any CPU.ActiveCfg = Debug|Any CPU
		{3AF5754D-6E9D-48B7-A1CE-FC7C5056328F}.Debug|Any CPU.Build.0 = Debug|Any CPU
		{3AF5754D-6E9D-48B7-A1CE-FC7C5056328F}.Release|Any CPU.ActiveCfg = Release|Any CPU
		{3AF5754D-6E9D-48B7-A1CE-FC7C5056328F}.Release|Any CPU.Build.0 = Release|Any CPU
		{1A648BC2-F559-4E7D-AA83-1C06F71B8944}.Debug|Any CPU.ActiveCfg = Debug|Any CPU
		{1A648BC2-F559-4E7D-AA83-1C06F71B8944}.Debug|Any CPU.Build.0 = Debug|Any CPU
		{1A648BC2-F559-4E7D-AA83-1C06F71B8944}.Release|Any CPU.ActiveCfg = Release|Any CPU
		{1A648BC2-F559-4E7D-AA83-1C06F71B8944}.Release|Any CPU.Build.0 = Release|Any CPU
		{5205430A-BFEF-4511-B8BB-478537BD080D}.Debug|Any CPU.ActiveCfg = Debug|Any CPU
		{5205430A-BFEF-4511-B8BB-478537BD080D}.Debug|Any CPU.Build.0 = Debug|Any CPU
		{5205430A-BFEF-4511-B8BB-478537BD080D}.Release|Any CPU.ActiveCfg = Release|Any CPU
		{5205430A-BFEF-4511-B8BB-478537BD080D}.Release|Any CPU.Build.0 = Release|Any CPU
		{8F5CAAF5-AF2F-4960-94FB-6824953F96EA}.Debug|Any CPU.ActiveCfg = Debug|Any CPU
		{8F5CAAF5-AF2F-4960-94FB-6824953F96EA}.Debug|Any CPU.Build.0 = Debug|Any CPU
		{8F5CAAF5-AF2F-4960-94FB-6824953F96EA}.Release|Any CPU.ActiveCfg = Release|Any CPU
		{8F5CAAF5-AF2F-4960-94FB-6824953F96EA}.Release|Any CPU.Build.0 = Release|Any CPU
	EndGlobalSection
	GlobalSection(SolutionProperties) = preSolution
		HideSolutionNode = FALSE
	EndGlobalSection
	GlobalSection(NestedProjects) = preSolution
		{65F9E28E-65BC-48E6-8C28-9282D5C6DFED} = {C8341643-2C5A-41F4-9813-590145952AAD}
		{6210E7ED-4E1B-4603-9E16-261E417CAEDF} = {C8341643-2C5A-41F4-9813-590145952AAD}
		{F630694C-CF71-4F6C-9B6A-ADC5C5B328E5} = {C8341643-2C5A-41F4-9813-590145952AAD}
		{DFEFFC86-CD4B-4ABF-A393-F201F44ECEA8} = {F630694C-CF71-4F6C-9B6A-ADC5C5B328E5}
		{908E7BFA-8AB8-40E8-BE26-7B2759BCECE9} = {F630694C-CF71-4F6C-9B6A-ADC5C5B328E5}
		{2C718285-F599-49AA-9760-302E5D3ED38E} = {F630694C-CF71-4F6C-9B6A-ADC5C5B328E5}
		{453680C7-807F-4DA3-95DD-FBF521E6A006} = {DFEFFC86-CD4B-4ABF-A393-F201F44ECEA8}
		{370DFB3F-75E6-4926-A5B8-99CA948A2260} = {908E7BFA-8AB8-40E8-BE26-7B2759BCECE9}
		{C025B5D5-8C7F-4C94-91B8-A221C7ADA91C} = {908E7BFA-8AB8-40E8-BE26-7B2759BCECE9}
		{1CDC578B-0A40-4B14-8125-F6BC0B6772F2} = {908E7BFA-8AB8-40E8-BE26-7B2759BCECE9}
		{DCF63EBC-2545-4122-87DB-D077B3392EDF} = {908E7BFA-8AB8-40E8-BE26-7B2759BCECE9}
		{8A0BB518-79C9-4E5B-AB03-54E08AD50D5F} = {2C718285-F599-49AA-9760-302E5D3ED38E}
		{24744908-B18D-4BF6-A0D5-781F24888052} = {6210E7ED-4E1B-4603-9E16-261E417CAEDF}
		{79189A8A-EBDC-421D-8E60-36BD6E7E746E} = {24744908-B18D-4BF6-A0D5-781F24888052}
		{4AD8E11E-4A2C-4F35-A881-45C11030E615} = {DAFF4B8C-3AF6-410C-BBD9-6BD159C154D0}
		{DAFF4B8C-3AF6-410C-BBD9-6BD159C154D0} = {65F9E28E-65BC-48E6-8C28-9282D5C6DFED}
		{CDDEEE12-AFB9-429A-85BF-06445754F292} = {65F9E28E-65BC-48E6-8C28-9282D5C6DFED}
		{C58A0AA7-221D-476A-98C5-CDA6116828FB} = {65F9E28E-65BC-48E6-8C28-9282D5C6DFED}
		{E0508010-EF97-4532-AF91-1091CC8B90BE} = {6210E7ED-4E1B-4603-9E16-261E417CAEDF}
		{892E27C5-DF84-4AD6-9EBB-5399DF68BBDC} = {E0508010-EF97-4532-AF91-1091CC8B90BE}
		{DFD7E381-3A44-43C0-B071-C1F9057BE065} = {6210E7ED-4E1B-4603-9E16-261E417CAEDF}
		{3AF5754D-6E9D-48B7-A1CE-FC7C5056328F} = {DFD7E381-3A44-43C0-B071-C1F9057BE065}
		{89F5D55D-6B17-484B-9F6C-F2B0CE4863CD} = {6210E7ED-4E1B-4603-9E16-261E417CAEDF}
		{1A648BC2-F559-4E7D-AA83-1C06F71B8944} = {89F5D55D-6B17-484B-9F6C-F2B0CE4863CD}
		{CE69216E-E014-41BC-83CC-F6DBE3B70802} = {6210E7ED-4E1B-4603-9E16-261E417CAEDF}
		{5205430A-BFEF-4511-B8BB-478537BD080D} = {CE69216E-E014-41BC-83CC-F6DBE3B70802}
		{7C5D9AA3-2FCB-4A5B-B129-AF8E10B7D13E} = {6210E7ED-4E1B-4603-9E16-261E417CAEDF}
		{5BD499F7-9029-4C48-B5F0-A982F17100A5} = {6210E7ED-4E1B-4603-9E16-261E417CAEDF}
		{AAC20890-5616-4E6F-B6B2-90F6F5338B36} = {6210E7ED-4E1B-4603-9E16-261E417CAEDF}
		{8F5CAAF5-AF2F-4960-94FB-6824953F96EA} = {7C5D9AA3-2FCB-4A5B-B129-AF8E10B7D13E}
	EndGlobalSection
	GlobalSection(ExtensibilityGlobals) = postSolution
		SolutionGuid = {D35F25F9-6C16-4E58-B49A-B516F0AB6A65}
	EndGlobalSection
EndGlobal
